// !$*UTF8*$!
{
	archiveVersion = 1;
	classes = {
	};
	objectVersion = 46;
	objects = {

/* Begin PBXBuildFile section */
		5C1B01DD1E6E965200ADFC95 /* MasterViewController.swift in Sources */ = {isa = PBXBuildFile; fileRef = 5C1B01DC1E6E965200ADFC95 /* MasterViewController.swift */; };
		5C284FE31E5DCA8D0006C13F /* QuiEtesVousViewController.swift in Sources */ = {isa = PBXBuildFile; fileRef = 5C284FE21E5DCA8D0006C13F /* QuiEtesVousViewController.swift */; };
		5C284FE61E5DE2130006C13F /* CoreDataManager.swift in Sources */ = {isa = PBXBuildFile; fileRef = 5C284FE51E5DE2130006C13F /* CoreDataManager.swift */; };
		5C284FE81E5DE5150006C13F /* DialogBoxHelper.swift in Sources */ = {isa = PBXBuildFile; fileRef = 5C284FE71E5DE5150006C13F /* DialogBoxHelper.swift */; };
		5C2CDA881E60696600CDD0DC /* Connexion.swift in Sources */ = {isa = PBXBuildFile; fileRef = 5C2CDA871E60696600CDD0DC /* Connexion.swift */; };
		5C49E8401E8409DB005D4E12 /* BrightnessView.swift in Sources */ = {isa = PBXBuildFile; fileRef = 5C49E83F1E8409DB005D4E12 /* BrightnessView.swift */; };
		5C49E8451E840A00005D4E12 /* ColorUtils.swift in Sources */ = {isa = PBXBuildFile; fileRef = 5C49E8411E840A00005D4E12 /* ColorUtils.swift */; };
		5C49E8461E840A00005D4E12 /* ColorWheel.swift in Sources */ = {isa = PBXBuildFile; fileRef = 5C49E8421E840A00005D4E12 /* ColorWheel.swift */; };
		5C49E8471E840A00005D4E12 /* SelectedColorView.swift in Sources */ = {isa = PBXBuildFile; fileRef = 5C49E8431E840A00005D4E12 /* SelectedColorView.swift */; };
		5C49E8481E840A00005D4E12 /* SwiftHSVColorPicker.swift in Sources */ = {isa = PBXBuildFile; fileRef = 5C49E8441E840A00005D4E12 /* SwiftHSVColorPicker.swift */; };
		5C49E84E1E841CD6005D4E12 /* DocumentTableViewController.swift in Sources */ = {isa = PBXBuildFile; fileRef = 5C49E84D1E841CD6005D4E12 /* DocumentTableViewController.swift */; };
		5C49E8501E8420CF005D4E12 /* DocumentTableViewCell.swift in Sources */ = {isa = PBXBuildFile; fileRef = 5C49E84F1E8420CF005D4E12 /* DocumentTableViewCell.swift */; };
		5C49E8541E8422E6005D4E12 /* DocumentViewController.swift in Sources */ = {isa = PBXBuildFile; fileRef = 5C49E8531E8422E6005D4E12 /* DocumentViewController.swift */; };
		5C49E8561E84297D005D4E12 /* AdminViewController.swift in Sources */ = {isa = PBXBuildFile; fileRef = 5C49E8551E84297D005D4E12 /* AdminViewController.swift */; };
		5C695D751E8120D400C501AB /* myMenuTableViewCell.swift in Sources */ = {isa = PBXBuildFile; fileRef = 5C695D741E8120D400C501AB /* myMenuTableViewCell.swift */; };
		5C8E220F1E7153A80018A95E /* MessageTableViewController.swift in Sources */ = {isa = PBXBuildFile; fileRef = 5C8E220E1E7153A80018A95E /* MessageTableViewController.swift */; };
		5C8E22111E7155F80018A95E /* MessageTableViewCell.swift in Sources */ = {isa = PBXBuildFile; fileRef = 5C8E22101E7155F80018A95E /* MessageTableViewCell.swift */; };
		5C94A2491E71613400393E54 /* NouveauMessageViewController.swift in Sources */ = {isa = PBXBuildFile; fileRef = 5C94A2481E71613400393E54 /* NouveauMessageViewController.swift */; };
		5C94A24B1E71728900393E54 /* GroupeName.swift in Sources */ = {isa = PBXBuildFile; fileRef = 5C94A24A1E71728900393E54 /* GroupeName.swift */; };
		5CA7BEB41E543F830013CCDA /* MainViewController.swift in Sources */ = {isa = PBXBuildFile; fileRef = 5CA7BEB31E543F830013CCDA /* MainViewController.swift */; };
		5CA7BEB91E5448180013CCDA /* DemandeInscriptionViewController.swift in Sources */ = {isa = PBXBuildFile; fileRef = 5CA7BEB81E5448180013CCDA /* DemandeInscriptionViewController.swift */; };
		5CB1E7BD1E51A42200A424AD /* AppDelegate.swift in Sources */ = {isa = PBXBuildFile; fileRef = 5CB1E7BC1E51A42200A424AD /* AppDelegate.swift */; };
		5CB1E7C01E51A42200A424AD /* IOSProject.xcdatamodeld in Sources */ = {isa = PBXBuildFile; fileRef = 5CB1E7BE1E51A42200A424AD /* IOSProject.xcdatamodeld */; };
		5CB1E7C71E51A42200A424AD /* Main.storyboard in Resources */ = {isa = PBXBuildFile; fileRef = 5CB1E7C51E51A42200A424AD /* Main.storyboard */; };
		5CB1E7C91E51A42200A424AD /* Assets.xcassets in Resources */ = {isa = PBXBuildFile; fileRef = 5CB1E7C81E51A42200A424AD /* Assets.xcassets */; };
		5CB1E7CC1E51A42200A424AD /* LaunchScreen.storyboard in Resources */ = {isa = PBXBuildFile; fileRef = 5CB1E7CA1E51A42200A424AD /* LaunchScreen.storyboard */; };
		5CB1E7D71E51A42200A424AD /* IOSProjectTests.swift in Sources */ = {isa = PBXBuildFile; fileRef = 5CB1E7D61E51A42200A424AD /* IOSProjectTests.swift */; };
		5CB1E7E21E51A42200A424AD /* IOSProjectUITests.swift in Sources */ = {isa = PBXBuildFile; fileRef = 5CB1E7E11E51A42200A424AD /* IOSProjectUITests.swift */; };
		5CC1551E1E82B0B200003B35 /* ColorViewController.swift in Sources */ = {isa = PBXBuildFile; fileRef = 5CC1551D1E82B0B200003B35 /* ColorViewController.swift */; };
		5CC155201E82B21C00003B35 /* colorPickerViewController.swift in Sources */ = {isa = PBXBuildFile; fileRef = 5CC1551F1E82B21C00003B35 /* colorPickerViewController.swift */; };
/* End PBXBuildFile section */

/* Begin PBXContainerItemProxy section */
		5CB1E7D31E51A42200A424AD /* PBXContainerItemProxy */ = {
			isa = PBXContainerItemProxy;
			containerPortal = 5CB1E7B11E51A42200A424AD /* Project object */;
			proxyType = 1;
			remoteGlobalIDString = 5CB1E7B81E51A42200A424AD;
			remoteInfo = IOSProject;
		};
		5CB1E7DE1E51A42200A424AD /* PBXContainerItemProxy */ = {
			isa = PBXContainerItemProxy;
			containerPortal = 5CB1E7B11E51A42200A424AD /* Project object */;
			proxyType = 1;
			remoteGlobalIDString = 5CB1E7B81E51A42200A424AD;
			remoteInfo = IOSProject;
		};
/* End PBXContainerItemProxy section */

/* Begin PBXFileReference section */
		5C1B01DC1E6E965200ADFC95 /* MasterViewController.swift */ = {isa = PBXFileReference; fileEncoding = 4; lastKnownFileType = sourcecode.swift; path = MasterViewController.swift; sourceTree = "<group>"; };
		5C284FE21E5DCA8D0006C13F /* QuiEtesVousViewController.swift */ = {isa = PBXFileReference; fileEncoding = 4; lastKnownFileType = sourcecode.swift; path = QuiEtesVousViewController.swift; sourceTree = "<group>"; };
		5C284FE51E5DE2130006C13F /* CoreDataManager.swift */ = {isa = PBXFileReference; fileEncoding = 4; lastKnownFileType = sourcecode.swift; path = CoreDataManager.swift; sourceTree = "<group>"; };
		5C284FE71E5DE5150006C13F /* DialogBoxHelper.swift */ = {isa = PBXFileReference; fileEncoding = 4; lastKnownFileType = sourcecode.swift; path = DialogBoxHelper.swift; sourceTree = "<group>"; };
		5C2CDA871E60696600CDD0DC /* Connexion.swift */ = {isa = PBXFileReference; fileEncoding = 4; lastKnownFileType = sourcecode.swift; path = Connexion.swift; sourceTree = "<group>"; };
		5C49E83F1E8409DB005D4E12 /* BrightnessView.swift */ = {isa = PBXFileReference; fileEncoding = 4; lastKnownFileType = sourcecode.swift; path = BrightnessView.swift; sourceTree = "<group>"; };
		5C49E8411E840A00005D4E12 /* ColorUtils.swift */ = {isa = PBXFileReference; fileEncoding = 4; lastKnownFileType = sourcecode.swift; path = ColorUtils.swift; sourceTree = "<group>"; };
		5C49E8421E840A00005D4E12 /* ColorWheel.swift */ = {isa = PBXFileReference; fileEncoding = 4; lastKnownFileType = sourcecode.swift; path = ColorWheel.swift; sourceTree = "<group>"; };
		5C49E8431E840A00005D4E12 /* SelectedColorView.swift */ = {isa = PBXFileReference; fileEncoding = 4; lastKnownFileType = sourcecode.swift; path = SelectedColorView.swift; sourceTree = "<group>"; };
		5C49E8441E840A00005D4E12 /* SwiftHSVColorPicker.swift */ = {isa = PBXFileReference; fileEncoding = 4; lastKnownFileType = sourcecode.swift; path = SwiftHSVColorPicker.swift; sourceTree = "<group>"; };
		5C49E84D1E841CD6005D4E12 /* DocumentTableViewController.swift */ = {isa = PBXFileReference; fileEncoding = 4; lastKnownFileType = sourcecode.swift; path = DocumentTableViewController.swift; sourceTree = "<group>"; };
		5C49E84F1E8420CF005D4E12 /* DocumentTableViewCell.swift */ = {isa = PBXFileReference; fileEncoding = 4; lastKnownFileType = sourcecode.swift; path = DocumentTableViewCell.swift; sourceTree = "<group>"; };
		5C49E8531E8422E6005D4E12 /* DocumentViewController.swift */ = {isa = PBXFileReference; fileEncoding = 4; lastKnownFileType = sourcecode.swift; path = DocumentViewController.swift; sourceTree = "<group>"; };
		5C49E8551E84297D005D4E12 /* AdminViewController.swift */ = {isa = PBXFileReference; fileEncoding = 4; lastKnownFileType = sourcecode.swift; path = AdminViewController.swift; sourceTree = "<group>"; };
		5C695D741E8120D400C501AB /* myMenuTableViewCell.swift */ = {isa = PBXFileReference; fileEncoding = 4; lastKnownFileType = sourcecode.swift; path = myMenuTableViewCell.swift; sourceTree = "<group>"; };
		5C8E220E1E7153A80018A95E /* MessageTableViewController.swift */ = {isa = PBXFileReference; fileEncoding = 4; lastKnownFileType = sourcecode.swift; path = MessageTableViewController.swift; sourceTree = "<group>"; };
		5C8E22101E7155F80018A95E /* MessageTableViewCell.swift */ = {isa = PBXFileReference; fileEncoding = 4; lastKnownFileType = sourcecode.swift; path = MessageTableViewCell.swift; sourceTree = "<group>"; };
		5C94A2481E71613400393E54 /* NouveauMessageViewController.swift */ = {isa = PBXFileReference; fileEncoding = 4; lastKnownFileType = sourcecode.swift; path = NouveauMessageViewController.swift; sourceTree = "<group>"; };
		5C94A24A1E71728900393E54 /* GroupeName.swift */ = {isa = PBXFileReference; fileEncoding = 4; lastKnownFileType = sourcecode.swift; path = GroupeName.swift; sourceTree = "<group>"; };
		5CA7BEB31E543F830013CCDA /* MainViewController.swift */ = {isa = PBXFileReference; fileEncoding = 4; lastKnownFileType = sourcecode.swift; name = MainViewController.swift; path = ../MainViewController.swift; sourceTree = "<group>"; };
		5CA7BEB81E5448180013CCDA /* DemandeInscriptionViewController.swift */ = {isa = PBXFileReference; fileEncoding = 4; lastKnownFileType = sourcecode.swift; path = DemandeInscriptionViewController.swift; sourceTree = "<group>"; };
		5CB1E7B91E51A42200A424AD /* IOSProject.app */ = {isa = PBXFileReference; explicitFileType = wrapper.application; includeInIndex = 0; path = IOSProject.app; sourceTree = BUILT_PRODUCTS_DIR; };
		5CB1E7BC1E51A42200A424AD /* AppDelegate.swift */ = {isa = PBXFileReference; lastKnownFileType = sourcecode.swift; path = AppDelegate.swift; sourceTree = "<group>"; };
		5CB1E7BF1E51A42200A424AD /* IOSProject.xcdatamodel */ = {isa = PBXFileReference; lastKnownFileType = wrapper.xcdatamodel; path = IOSProject.xcdatamodel; sourceTree = "<group>"; };
		5CB1E7C61E51A42200A424AD /* Base */ = {isa = PBXFileReference; lastKnownFileType = file.storyboard; name = Base; path = Base.lproj/Main.storyboard; sourceTree = "<group>"; };
		5CB1E7C81E51A42200A424AD /* Assets.xcassets */ = {isa = PBXFileReference; lastKnownFileType = folder.assetcatalog; path = Assets.xcassets; sourceTree = "<group>"; };
		5CB1E7CB1E51A42200A424AD /* Base */ = {isa = PBXFileReference; lastKnownFileType = file.storyboard; name = Base; path = Base.lproj/LaunchScreen.storyboard; sourceTree = "<group>"; };
		5CB1E7CD1E51A42200A424AD /* Info.plist */ = {isa = PBXFileReference; lastKnownFileType = text.plist.xml; path = Info.plist; sourceTree = "<group>"; };
		5CB1E7D21E51A42200A424AD /* IOSProjectTests.xctest */ = {isa = PBXFileReference; explicitFileType = wrapper.cfbundle; includeInIndex = 0; path = IOSProjectTests.xctest; sourceTree = BUILT_PRODUCTS_DIR; };
		5CB1E7D61E51A42200A424AD /* IOSProjectTests.swift */ = {isa = PBXFileReference; lastKnownFileType = sourcecode.swift; path = IOSProjectTests.swift; sourceTree = "<group>"; };
		5CB1E7D81E51A42200A424AD /* Info.plist */ = {isa = PBXFileReference; lastKnownFileType = text.plist.xml; path = Info.plist; sourceTree = "<group>"; };
		5CB1E7DD1E51A42200A424AD /* IOSProjectUITests.xctest */ = {isa = PBXFileReference; explicitFileType = wrapper.cfbundle; includeInIndex = 0; path = IOSProjectUITests.xctest; sourceTree = BUILT_PRODUCTS_DIR; };
		5CB1E7E11E51A42200A424AD /* IOSProjectUITests.swift */ = {isa = PBXFileReference; lastKnownFileType = sourcecode.swift; path = IOSProjectUITests.swift; sourceTree = "<group>"; };
		5CB1E7E31E51A42200A424AD /* Info.plist */ = {isa = PBXFileReference; lastKnownFileType = text.plist.xml; path = Info.plist; sourceTree = "<group>"; };
		5CC1551D1E82B0B200003B35 /* ColorViewController.swift */ = {isa = PBXFileReference; fileEncoding = 4; lastKnownFileType = sourcecode.swift; path = ColorViewController.swift; sourceTree = "<group>"; };
		5CC1551F1E82B21C00003B35 /* colorPickerViewController.swift */ = {isa = PBXFileReference; fileEncoding = 4; lastKnownFileType = sourcecode.swift; path = colorPickerViewController.swift; sourceTree = "<group>"; };
/* End PBXFileReference section */

/* Begin PBXFrameworksBuildPhase section */
		5CB1E7B61E51A42200A424AD /* Frameworks */ = {
			isa = PBXFrameworksBuildPhase;
			buildActionMask = 2147483647;
			files = (
			);
			runOnlyForDeploymentPostprocessing = 0;
		};
		5CB1E7CF1E51A42200A424AD /* Frameworks */ = {
			isa = PBXFrameworksBuildPhase;
			buildActionMask = 2147483647;
			files = (
			);
			runOnlyForDeploymentPostprocessing = 0;
		};
		5CB1E7DA1E51A42200A424AD /* Frameworks */ = {
			isa = PBXFrameworksBuildPhase;
			buildActionMask = 2147483647;
			files = (
			);
			runOnlyForDeploymentPostprocessing = 0;
		};
/* End PBXFrameworksBuildPhase section */

/* Begin PBXGroup section */
		5C284FE41E5DE1E00006C13F /* ClassHelper */ = {
			isa = PBXGroup;
			children = (
				5CC1551D1E82B0B200003B35 /* ColorViewController.swift */,
				5C284FE51E5DE2130006C13F /* CoreDataManager.swift */,
				5C284FE71E5DE5150006C13F /* DialogBoxHelper.swift */,
				5C2CDA871E60696600CDD0DC /* Connexion.swift */,
				5C94A24A1E71728900393E54 /* GroupeName.swift */,
			);
			name = ClassHelper;
			sourceTree = "<group>";
		};
		5C49E8491E840A06005D4E12 /* CouleurPicker */ = {
			isa = PBXGroup;
			children = (
				5C49E8411E840A00005D4E12 /* ColorUtils.swift */,
				5C49E8421E840A00005D4E12 /* ColorWheel.swift */,
				5C49E8431E840A00005D4E12 /* SelectedColorView.swift */,
				5C49E8441E840A00005D4E12 /* SwiftHSVColorPicker.swift */,
				5C49E83F1E8409DB005D4E12 /* BrightnessView.swift */,
			);
			name = CouleurPicker;
			sourceTree = "<group>";
		};
		5C49E84A1E841B2F005D4E12 /* Option */ = {
			isa = PBXGroup;
			children = (
			);
			name = Option;
			sourceTree = "<group>";
		};
		5C49E84B1E841B36005D4E12 /* Calendar */ = {
			isa = PBXGroup;
			children = (
			);
			name = Calendar;
			sourceTree = "<group>";
		};
		5C49E84C1E841B3D005D4E12 /* Document */ = {
			isa = PBXGroup;
			children = (
				5C49E84D1E841CD6005D4E12 /* DocumentTableViewController.swift */,
				5C49E84F1E8420CF005D4E12 /* DocumentTableViewCell.swift */,
				5C49E8531E8422E6005D4E12 /* DocumentViewController.swift */,
			);
			name = Document;
			sourceTree = "<group>";
		};
		5C695D731E81209100C501AB /* Menu */ = {
			isa = PBXGroup;
			children = (
				5C1B01DC1E6E965200ADFC95 /* MasterViewController.swift */,
				5C695D741E8120D400C501AB /* myMenuTableViewCell.swift */,
				5CC1551F1E82B21C00003B35 /* colorPickerViewController.swift */,
			);
			name = Menu;
			sourceTree = "<group>";
		};
		5C8E220C1E7152320018A95E /* Message */ = {
			isa = PBXGroup;
			children = (
				5C8E220E1E7153A80018A95E /* MessageTableViewController.swift */,
				5C8E22101E7155F80018A95E /* MessageTableViewCell.swift */,
				5C94A2481E71613400393E54 /* NouveauMessageViewController.swift */,
			);
			name = Message;
			sourceTree = "<group>";
		};
		5C8E220D1E7152450018A95E /* Inscription */ = {
			isa = PBXGroup;
			children = (
				5CA7BEB81E5448180013CCDA /* DemandeInscriptionViewController.swift */,
				5C284FE21E5DCA8D0006C13F /* QuiEtesVousViewController.swift */,
			);
			name = Inscription;
			sourceTree = "<group>";
		};
		5CB1E7B01E51A42200A424AD = {
			isa = PBXGroup;
			children = (
				5CB1E7BB1E51A42200A424AD /* IOSProject */,
				5CB1E7D51E51A42200A424AD /* IOSProjectTests */,
				5CB1E7E01E51A42200A424AD /* IOSProjectUITests */,
				5CB1E7BA1E51A42200A424AD /* Products */,
			);
			sourceTree = "<group>";
		};
		5CB1E7BA1E51A42200A424AD /* Products */ = {
			isa = PBXGroup;
			children = (
				5CB1E7B91E51A42200A424AD /* IOSProject.app */,
				5CB1E7D21E51A42200A424AD /* IOSProjectTests.xctest */,
				5CB1E7DD1E51A42200A424AD /* IOSProjectUITests.xctest */,
			);
			name = Products;
			sourceTree = "<group>";
		};
		5CB1E7BB1E51A42200A424AD /* IOSProject */ = {
			isa = PBXGroup;
			children = (
				5C49E84C1E841B3D005D4E12 /* Document */,
				5C49E84B1E841B36005D4E12 /* Calendar */,
				5C49E84A1E841B2F005D4E12 /* Option */,
				5C49E8491E840A06005D4E12 /* CouleurPicker */,
				5CC155211E82BB7600003B35 /* Admin */,
				5C695D731E81209100C501AB /* Menu */,
				5C8E220D1E7152450018A95E /* Inscription */,
				5C8E220C1E7152320018A95E /* Message */,
				5C284FE41E5DE1E00006C13F /* ClassHelper */,
				5CA7BEB31E543F830013CCDA /* MainViewController.swift */,
				5CB1E7BC1E51A42200A424AD /* AppDelegate.swift */,
				5CB1E7C51E51A42200A424AD /* Main.storyboard */,
				5CB1E7C81E51A42200A424AD /* Assets.xcassets */,
				5CB1E7CA1E51A42200A424AD /* LaunchScreen.storyboard */,
				5CB1E7CD1E51A42200A424AD /* Info.plist */,
				5CB1E7BE1E51A42200A424AD /* IOSProject.xcdatamodeld */,
			);
			path = IOSProject;
			sourceTree = "<group>";
		};
		5CB1E7D51E51A42200A424AD /* IOSProjectTests */ = {
			isa = PBXGroup;
			children = (
				5CB1E7D61E51A42200A424AD /* IOSProjectTests.swift */,
				5CB1E7D81E51A42200A424AD /* Info.plist */,
			);
			path = IOSProjectTests;
			sourceTree = "<group>";
		};
		5CB1E7E01E51A42200A424AD /* IOSProjectUITests */ = {
			isa = PBXGroup;
			children = (
				5CB1E7E11E51A42200A424AD /* IOSProjectUITests.swift */,
				5CB1E7E31E51A42200A424AD /* Info.plist */,
			);
			path = IOSProjectUITests;
			sourceTree = "<group>";
		};
		5CC155211E82BB7600003B35 /* Admin */ = {
			isa = PBXGroup;
			children = (
				5C49E8551E84297D005D4E12 /* AdminViewController.swift */,
			);
			name = Admin;
			sourceTree = "<group>";
		};
/* End PBXGroup section */

/* Begin PBXNativeTarget section */
		5CB1E7B81E51A42200A424AD /* IOSProject */ = {
			isa = PBXNativeTarget;
			buildConfigurationList = 5CB1E7E61E51A42200A424AD /* Build configuration list for PBXNativeTarget "IOSProject" */;
			buildPhases = (
				5CB1E7B51E51A42200A424AD /* Sources */,
				5CB1E7B61E51A42200A424AD /* Frameworks */,
				5CB1E7B71E51A42200A424AD /* Resources */,
			);
			buildRules = (
			);
			dependencies = (
			);
			name = IOSProject;
			productName = IOSProject;
			productReference = 5CB1E7B91E51A42200A424AD /* IOSProject.app */;
			productType = "com.apple.product-type.application";
		};
		5CB1E7D11E51A42200A424AD /* IOSProjectTests */ = {
			isa = PBXNativeTarget;
			buildConfigurationList = 5CB1E7E91E51A42200A424AD /* Build configuration list for PBXNativeTarget "IOSProjectTests" */;
			buildPhases = (
				5CB1E7CE1E51A42200A424AD /* Sources */,
				5CB1E7CF1E51A42200A424AD /* Frameworks */,
				5CB1E7D01E51A42200A424AD /* Resources */,
			);
			buildRules = (
			);
			dependencies = (
				5CB1E7D41E51A42200A424AD /* PBXTargetDependency */,
			);
			name = IOSProjectTests;
			productName = IOSProjectTests;
			productReference = 5CB1E7D21E51A42200A424AD /* IOSProjectTests.xctest */;
			productType = "com.apple.product-type.bundle.unit-test";
		};
		5CB1E7DC1E51A42200A424AD /* IOSProjectUITests */ = {
			isa = PBXNativeTarget;
			buildConfigurationList = 5CB1E7EC1E51A42200A424AD /* Build configuration list for PBXNativeTarget "IOSProjectUITests" */;
			buildPhases = (
				5CB1E7D91E51A42200A424AD /* Sources */,
				5CB1E7DA1E51A42200A424AD /* Frameworks */,
				5CB1E7DB1E51A42200A424AD /* Resources */,
			);
			buildRules = (
			);
			dependencies = (
				5CB1E7DF1E51A42200A424AD /* PBXTargetDependency */,
			);
			name = IOSProjectUITests;
			productName = IOSProjectUITests;
			productReference = 5CB1E7DD1E51A42200A424AD /* IOSProjectUITests.xctest */;
			productType = "com.apple.product-type.bundle.ui-testing";
		};
/* End PBXNativeTarget section */

/* Begin PBXProject section */
		5CB1E7B11E51A42200A424AD /* Project object */ = {
			isa = PBXProject;
			attributes = {
				LastSwiftUpdateCheck = 0820;
				LastUpgradeCheck = 0820;
				ORGANIZATIONNAME = "Yoann MASSON";
				TargetAttributes = {
					5CB1E7B81E51A42200A424AD = {
						CreatedOnToolsVersion = 8.2.1;
						DevelopmentTeam = XN98JZ5648;
						LastSwiftMigration = 0820;
						ProvisioningStyle = Automatic;
					};
					5CB1E7D11E51A42200A424AD = {
						CreatedOnToolsVersion = 8.2.1;
						ProvisioningStyle = Automatic;
						TestTargetID = 5CB1E7B81E51A42200A424AD;
					};
					5CB1E7DC1E51A42200A424AD = {
						CreatedOnToolsVersion = 8.2.1;
						ProvisioningStyle = Automatic;
						TestTargetID = 5CB1E7B81E51A42200A424AD;
					};
				};
			};
			buildConfigurationList = 5CB1E7B41E51A42200A424AD /* Build configuration list for PBXProject "IOSProject" */;
			compatibilityVersion = "Xcode 3.2";
			developmentRegion = English;
			hasScannedForEncodings = 0;
			knownRegions = (
				en,
				Base,
			);
			mainGroup = 5CB1E7B01E51A42200A424AD;
			productRefGroup = 5CB1E7BA1E51A42200A424AD /* Products */;
			projectDirPath = "";
			projectRoot = "";
			targets = (
				5CB1E7B81E51A42200A424AD /* IOSProject */,
				5CB1E7D11E51A42200A424AD /* IOSProjectTests */,
				5CB1E7DC1E51A42200A424AD /* IOSProjectUITests */,
			);
		};
/* End PBXProject section */

/* Begin PBXResourcesBuildPhase section */
		5CB1E7B71E51A42200A424AD /* Resources */ = {
			isa = PBXResourcesBuildPhase;
			buildActionMask = 2147483647;
			files = (
				5CB1E7CC1E51A42200A424AD /* LaunchScreen.storyboard in Resources */,
				5CB1E7C91E51A42200A424AD /* Assets.xcassets in Resources */,
				5CB1E7C71E51A42200A424AD /* Main.storyboard in Resources */,
			);
			runOnlyForDeploymentPostprocessing = 0;
		};
		5CB1E7D01E51A42200A424AD /* Resources */ = {
			isa = PBXResourcesBuildPhase;
			buildActionMask = 2147483647;
			files = (
			);
			runOnlyForDeploymentPostprocessing = 0;
		};
		5CB1E7DB1E51A42200A424AD /* Resources */ = {
			isa = PBXResourcesBuildPhase;
			buildActionMask = 2147483647;
			files = (
			);
			runOnlyForDeploymentPostprocessing = 0;
		};
/* End PBXResourcesBuildPhase section */

/* Begin PBXSourcesBuildPhase section */
		5CB1E7B51E51A42200A424AD /* Sources */ = {
			isa = PBXSourcesBuildPhase;
			buildActionMask = 2147483647;
			files = (
				5CC1551E1E82B0B200003B35 /* ColorViewController.swift in Sources */,
				5C49E8451E840A00005D4E12 /* ColorUtils.swift in Sources */,
				5C1B01DD1E6E965200ADFC95 /* MasterViewController.swift in Sources */,
				5C49E8471E840A00005D4E12 /* SelectedColorView.swift in Sources */,
				5C284FE61E5DE2130006C13F /* CoreDataManager.swift in Sources */,
				5C8E220F1E7153A80018A95E /* MessageTableViewController.swift in Sources */,
				5C695D751E8120D400C501AB /* myMenuTableViewCell.swift in Sources */,
				5CA7BEB91E5448180013CCDA /* DemandeInscriptionViewController.swift in Sources */,
				5CC155201E82B21C00003B35 /* colorPickerViewController.swift in Sources */,
				5C94A24B1E71728900393E54 /* GroupeName.swift in Sources */,
				5C49E8541E8422E6005D4E12 /* DocumentViewController.swift in Sources */,
				5C94A2491E71613400393E54 /* NouveauMessageViewController.swift in Sources */,
				5C8E22111E7155F80018A95E /* MessageTableViewCell.swift in Sources */,
				5C49E84E1E841CD6005D4E12 /* DocumentTableViewController.swift in Sources */,
				5CA7BEB41E543F830013CCDA /* MainViewController.swift in Sources */,
				5C2CDA881E60696600CDD0DC /* Connexion.swift in Sources */,
				5C49E8501E8420CF005D4E12 /* DocumentTableViewCell.swift in Sources */,
				5C284FE31E5DCA8D0006C13F /* QuiEtesVousViewController.swift in Sources */,
				5CB1E7BD1E51A42200A424AD /* AppDelegate.swift in Sources */,
				5C49E8481E840A00005D4E12 /* SwiftHSVColorPicker.swift in Sources */,
				5C284FE81E5DE5150006C13F /* DialogBoxHelper.swift in Sources */,
				5CB1E7C01E51A42200A424AD /* IOSProject.xcdatamodeld in Sources */,
				5C49E8401E8409DB005D4E12 /* BrightnessView.swift in Sources */,
				5C49E8561E84297D005D4E12 /* AdminViewController.swift in Sources */,
				5C49E8461E840A00005D4E12 /* ColorWheel.swift in Sources */,
			);
			runOnlyForDeploymentPostprocessing = 0;
		};
		5CB1E7CE1E51A42200A424AD /* Sources */ = {
			isa = PBXSourcesBuildPhase;
			buildActionMask = 2147483647;
			files = (
				5CB1E7D71E51A42200A424AD /* IOSProjectTests.swift in Sources */,
			);
			runOnlyForDeploymentPostprocessing = 0;
		};
		5CB1E7D91E51A42200A424AD /* Sources */ = {
			isa = PBXSourcesBuildPhase;
			buildActionMask = 2147483647;
			files = (
				5CB1E7E21E51A42200A424AD /* IOSProjectUITests.swift in Sources */,
			);
			runOnlyForDeploymentPostprocessing = 0;
		};
/* End PBXSourcesBuildPhase section */

/* Begin PBXTargetDependency section */
		5CB1E7D41E51A42200A424AD /* PBXTargetDependency */ = {
			isa = PBXTargetDependency;
			target = 5CB1E7B81E51A42200A424AD /* IOSProject */;
			targetProxy = 5CB1E7D31E51A42200A424AD /* PBXContainerItemProxy */;
		};
		5CB1E7DF1E51A42200A424AD /* PBXTargetDependency */ = {
			isa = PBXTargetDependency;
			target = 5CB1E7B81E51A42200A424AD /* IOSProject */;
			targetProxy = 5CB1E7DE1E51A42200A424AD /* PBXContainerItemProxy */;
		};
/* End PBXTargetDependency section */

/* Begin PBXVariantGroup section */
		5CB1E7C51E51A42200A424AD /* Main.storyboard */ = {
			isa = PBXVariantGroup;
			children = (
				5CB1E7C61E51A42200A424AD /* Base */,
			);
			name = Main.storyboard;
			sourceTree = "<group>";
		};
		5CB1E7CA1E51A42200A424AD /* LaunchScreen.storyboard */ = {
			isa = PBXVariantGroup;
			children = (
				5CB1E7CB1E51A42200A424AD /* Base */,
			);
			name = LaunchScreen.storyboard;
			sourceTree = "<group>";
		};
/* End PBXVariantGroup section */

/* Begin XCBuildConfiguration section */
		5CB1E7E41E51A42200A424AD /* Debug */ = {
			isa = XCBuildConfiguration;
			buildSettings = {
				ALWAYS_SEARCH_USER_PATHS = NO;
				CLANG_ANALYZER_NONNULL = YES;
				CLANG_CXX_LANGUAGE_STANDARD = "gnu++0x";
				CLANG_CXX_LIBRARY = "libc++";
				CLANG_ENABLE_MODULES = YES;
				CLANG_ENABLE_OBJC_ARC = YES;
				CLANG_WARN_BOOL_CONVERSION = YES;
				CLANG_WARN_CONSTANT_CONVERSION = YES;
				CLANG_WARN_DIRECT_OBJC_ISA_USAGE = YES_ERROR;
				CLANG_WARN_DOCUMENTATION_COMMENTS = YES;
				CLANG_WARN_EMPTY_BODY = YES;
				CLANG_WARN_ENUM_CONVERSION = YES;
				CLANG_WARN_INFINITE_RECURSION = YES;
				CLANG_WARN_INT_CONVERSION = YES;
				CLANG_WARN_OBJC_ROOT_CLASS = YES_ERROR;
				CLANG_WARN_SUSPICIOUS_MOVE = YES;
				CLANG_WARN_UNREACHABLE_CODE = YES;
				CLANG_WARN__DUPLICATE_METHOD_MATCH = YES;
				"CODE_SIGN_IDENTITY[sdk=iphoneos*]" = "iPhone Developer";
				COPY_PHASE_STRIP = NO;
				DEBUG_INFORMATION_FORMAT = dwarf;
				ENABLE_STRICT_OBJC_MSGSEND = YES;
				ENABLE_TESTABILITY = YES;
				GCC_C_LANGUAGE_STANDARD = gnu99;
				GCC_DYNAMIC_NO_PIC = NO;
				GCC_NO_COMMON_BLOCKS = YES;
				GCC_OPTIMIZATION_LEVEL = 0;
				GCC_PREPROCESSOR_DEFINITIONS = (
					"DEBUG=1",
					"$(inherited)",
				);
				GCC_WARN_64_TO_32_BIT_CONVERSION = YES;
				GCC_WARN_ABOUT_RETURN_TYPE = YES_ERROR;
				GCC_WARN_UNDECLARED_SELECTOR = YES;
				GCC_WARN_UNINITIALIZED_AUTOS = YES_AGGRESSIVE;
				GCC_WARN_UNUSED_FUNCTION = YES;
				GCC_WARN_UNUSED_VARIABLE = YES;
				IPHONEOS_DEPLOYMENT_TARGET = 10.2;
				MTL_ENABLE_DEBUG_INFO = YES;
				ONLY_ACTIVE_ARCH = YES;
				SDKROOT = iphoneos;
				SWIFT_ACTIVE_COMPILATION_CONDITIONS = DEBUG;
				SWIFT_OPTIMIZATION_LEVEL = "-Onone";
				TARGETED_DEVICE_FAMILY = "1,2";
			};
			name = Debug;
		};
		5CB1E7E51E51A42200A424AD /* Release */ = {
			isa = XCBuildConfiguration;
			buildSettings = {
				ALWAYS_SEARCH_USER_PATHS = NO;
				CLANG_ANALYZER_NONNULL = YES;
				CLANG_CXX_LANGUAGE_STANDARD = "gnu++0x";
				CLANG_CXX_LIBRARY = "libc++";
				CLANG_ENABLE_MODULES = YES;
				CLANG_ENABLE_OBJC_ARC = YES;
				CLANG_WARN_BOOL_CONVERSION = YES;
				CLANG_WARN_CONSTANT_CONVERSION = YES;
				CLANG_WARN_DIRECT_OBJC_ISA_USAGE = YES_ERROR;
				CLANG_WARN_DOCUMENTATION_COMMENTS = YES;
				CLANG_WARN_EMPTY_BODY = YES;
				CLANG_WARN_ENUM_CONVERSION = YES;
				CLANG_WARN_INFINITE_RECURSION = YES;
				CLANG_WARN_INT_CONVERSION = YES;
				CLANG_WARN_OBJC_ROOT_CLASS = YES_ERROR;
				CLANG_WARN_SUSPICIOUS_MOVE = YES;
				CLANG_WARN_UNREACHABLE_CODE = YES;
				CLANG_WARN__DUPLICATE_METHOD_MATCH = YES;
				"CODE_SIGN_IDENTITY[sdk=iphoneos*]" = "iPhone Developer";
				COPY_PHASE_STRIP = NO;
				DEBUG_INFORMATION_FORMAT = "dwarf-with-dsym";
				ENABLE_NS_ASSERTIONS = NO;
				ENABLE_STRICT_OBJC_MSGSEND = YES;
				GCC_C_LANGUAGE_STANDARD = gnu99;
				GCC_NO_COMMON_BLOCKS = YES;
				GCC_WARN_64_TO_32_BIT_CONVERSION = YES;
				GCC_WARN_ABOUT_RETURN_TYPE = YES_ERROR;
				GCC_WARN_UNDECLARED_SELECTOR = YES;
				GCC_WARN_UNINITIALIZED_AUTOS = YES_AGGRESSIVE;
				GCC_WARN_UNUSED_FUNCTION = YES;
				GCC_WARN_UNUSED_VARIABLE = YES;
				IPHONEOS_DEPLOYMENT_TARGET = 10.2;
				MTL_ENABLE_DEBUG_INFO = NO;
				SDKROOT = iphoneos;
				SWIFT_OPTIMIZATION_LEVEL = "-Owholemodule";
				TARGETED_DEVICE_FAMILY = "1,2";
				VALIDATE_PRODUCT = YES;
			};
			name = Release;
		};
		5CB1E7E71E51A42200A424AD /* Debug */ = {
			isa = XCBuildConfiguration;
			buildSettings = {
				ASSETCATALOG_COMPILER_APPICON_NAME = AppIcon;
				CLANG_ENABLE_MODULES = YES;
				DEVELOPMENT_TEAM = XN98JZ5648;
				INFOPLIST_FILE = IOSProject/Info.plist;
				LD_RUNPATH_SEARCH_PATHS = "$(inherited) @executable_path/Frameworks";
				PRODUCT_BUNDLE_IDENTIFIER = "polytech-Masson.IOSProject";
				PRODUCT_NAME = "$(TARGET_NAME)";
				SWIFT_OPTIMIZATION_LEVEL = "-Onone";
				SWIFT_VERSION = 3.0;
			};
			name = Debug;
		};
		5CB1E7E81E51A42200A424AD /* Release */ = {
			isa = XCBuildConfiguration;
			buildSettings = {
				ASSETCATALOG_COMPILER_APPICON_NAME = AppIcon;
				CLANG_ENABLE_MODULES = YES;
				DEVELOPMENT_TEAM = XN98JZ5648;
				INFOPLIST_FILE = IOSProject/Info.plist;
				LD_RUNPATH_SEARCH_PATHS = "$(inherited) @executable_path/Frameworks";
				PRODUCT_BUNDLE_IDENTIFIER = "polytech-Masson.IOSProject";
				PRODUCT_NAME = "$(TARGET_NAME)";
				SWIFT_VERSION = 3.0;
			};
			name = Release;
		};
		5CB1E7EA1E51A42200A424AD /* Debug */ = {
			isa = XCBuildConfiguration;
			buildSettings = {
				ALWAYS_EMBED_SWIFT_STANDARD_LIBRARIES = YES;
				BUNDLE_LOADER = "$(TEST_HOST)";
				INFOPLIST_FILE = IOSProjectTests/Info.plist;
				LD_RUNPATH_SEARCH_PATHS = "$(inherited) @executable_path/Frameworks @loader_path/Frameworks";
				PRODUCT_BUNDLE_IDENTIFIER = "polytech-Masson.IOSProjectTests";
				PRODUCT_NAME = "$(TARGET_NAME)";
				SWIFT_VERSION = 3.0;
				TEST_HOST = "$(BUILT_PRODUCTS_DIR)/IOSProject.app/IOSProject";
			};
			name = Debug;
		};
		5CB1E7EB1E51A42200A424AD /* Release */ = {
			isa = XCBuildConfiguration;
			buildSettings = {
				ALWAYS_EMBED_SWIFT_STANDARD_LIBRARIES = YES;
				BUNDLE_LOADER = "$(TEST_HOST)";
				INFOPLIST_FILE = IOSProjectTests/Info.plist;
				LD_RUNPATH_SEARCH_PATHS = "$(inherited) @executable_path/Frameworks @loader_path/Frameworks";
				PRODUCT_BUNDLE_IDENTIFIER = "polytech-Masson.IOSProjectTests";
				PRODUCT_NAME = "$(TARGET_NAME)";
				SWIFT_VERSION = 3.0;
				TEST_HOST = "$(BUILT_PRODUCTS_DIR)/IOSProject.app/IOSProject";
			};
			name = Release;
		};
		5CB1E7ED1E51A42200A424AD /* Debug */ = {
			isa = XCBuildConfiguration;
			buildSettings = {
				ALWAYS_EMBED_SWIFT_STANDARD_LIBRARIES = YES;
				INFOPLIST_FILE = IOSProjectUITests/Info.plist;
				LD_RUNPATH_SEARCH_PATHS = "$(inherited) @executable_path/Frameworks @loader_path/Frameworks";
				PRODUCT_BUNDLE_IDENTIFIER = "polytech-Masson.IOSProjectUITests";
				PRODUCT_NAME = "$(TARGET_NAME)";
				SWIFT_VERSION = 3.0;
				TEST_TARGET_NAME = IOSProject;
			};
			name = Debug;
		};
		5CB1E7EE1E51A42200A424AD /* Release */ = {
			isa = XCBuildConfiguration;
			buildSettings = {
				ALWAYS_EMBED_SWIFT_STANDARD_LIBRARIES = YES;
				INFOPLIST_FILE = IOSProjectUITests/Info.plist;
				LD_RUNPATH_SEARCH_PATHS = "$(inherited) @executable_path/Frameworks @loader_path/Frameworks";
				PRODUCT_BUNDLE_IDENTIFIER = "polytech-Masson.IOSProjectUITests";
				PRODUCT_NAME = "$(TARGET_NAME)";
				SWIFT_VERSION = 3.0;
				TEST_TARGET_NAME = IOSProject;
			};
			name = Release;
		};
/* End XCBuildConfiguration section */

/* Begin XCConfigurationList section */
		5CB1E7B41E51A42200A424AD /* Build configuration list for PBXProject "IOSProject" */ = {
			isa = XCConfigurationList;
			buildConfigurations = (
				5CB1E7E41E51A42200A424AD /* Debug */,
				5CB1E7E51E51A42200A424AD /* Release */,
			);
			defaultConfigurationIsVisible = 0;
			defaultConfigurationName = Release;
		};
		5CB1E7E61E51A42200A424AD /* Build configuration list for PBXNativeTarget "IOSProject" */ = {
			isa = XCConfigurationList;
			buildConfigurations = (
				5CB1E7E71E51A42200A424AD /* Debug */,
				5CB1E7E81E51A42200A424AD /* Release */,
			);
			defaultConfigurationIsVisible = 0;
			defaultConfigurationName = Release;
		};
		5CB1E7E91E51A42200A424AD /* Build configuration list for PBXNativeTarget "IOSProjectTests" */ = {
			isa = XCConfigurationList;
			buildConfigurations = (
				5CB1E7EA1E51A42200A424AD /* Debug */,
				5CB1E7EB1E51A42200A424AD /* Release */,
			);
			defaultConfigurationIsVisible = 0;
			defaultConfigurationName = Release;
		};
		5CB1E7EC1E51A42200A424AD /* Build configuration list for PBXNativeTarget "IOSProjectUITests" */ = {
			isa = XCConfigurationList;
			buildConfigurations = (
				5CB1E7ED1E51A42200A424AD /* Debug */,
				5CB1E7EE1E51A42200A424AD /* Release */,
			);
			defaultConfigurationIsVisible = 0;
			defaultConfigurationName = Release;
		};
/* End XCConfigurationList section */

/* Begin XCVersionGroup section */
		5CB1E7BE1E51A42200A424AD /* IOSProject.xcdatamodeld */ = {
			isa = XCVersionGroup;
			children = (
				5CB1E7BF1E51A42200A424AD /* IOSProject.xcdatamodel */,
			);
			currentVersion = 5CB1E7BF1E51A42200A424AD /* IOSProject.xcdatamodel */;
			path = IOSProject.xcdatamodeld;
			sourceTree = "<group>";
			versionGroupType = wrapper.xcdatamodel;
		};
/* End XCVersionGroup section */
	};
	rootObject = 5CB1E7B11E51A42200A424AD /* Project object */;
}
